// !$*UTF8*$!
{
	archiveVersion = 1;
	classes = {
	};
	objectVersion = 46;
	objects = {

/* Begin PBXBuildFile section */
		1837B3DB1900B4F6008F62D0 /* Foundation.framework in Frameworks */ = {isa = PBXBuildFile; fileRef = 1837B3DA1900B4F6008F62D0 /* Foundation.framework */; };
		1837B3DD1900B4F6008F62D0 /* CoreGraphics.framework in Frameworks */ = {isa = PBXBuildFile; fileRef = 1837B3DC1900B4F6008F62D0 /* CoreGraphics.framework */; };
		1837B3DF1900B4F6008F62D0 /* UIKit.framework in Frameworks */ = {isa = PBXBuildFile; fileRef = 1837B3DE1900B4F6008F62D0 /* UIKit.framework */; };
		1837B3E51900B4F6008F62D0 /* InfoPlist.strings in Resources */ = {isa = PBXBuildFile; fileRef = 1837B3E31900B4F6008F62D0 /* InfoPlist.strings */; };
		1837B3E71900B4F6008F62D0 /* main.m in Sources */ = {isa = PBXBuildFile; fileRef = 1837B3E61900B4F6008F62D0 /* main.m */; };
		1837B3EB1900B4F6008F62D0 /* mspAppDelegate.m in Sources */ = {isa = PBXBuildFile; fileRef = 1837B3EA1900B4F6008F62D0 /* mspAppDelegate.m */; };
		1837B3EE1900B4F6008F62D0 /* Main.storyboard in Resources */ = {isa = PBXBuildFile; fileRef = 1837B3EC1900B4F6008F62D0 /* Main.storyboard */; };
		1837B3F11900B4F6008F62D0 /* mspViewController.m in Sources */ = {isa = PBXBuildFile; fileRef = 1837B3F01900B4F6008F62D0 /* mspViewController.m */; };
		1837B3F31900B4F6008F62D0 /* Images.xcassets in Resources */ = {isa = PBXBuildFile; fileRef = 1837B3F21900B4F6008F62D0 /* Images.xcassets */; };
		1837B3FA1900B4F6008F62D0 /* XCTest.framework in Frameworks */ = {isa = PBXBuildFile; fileRef = 1837B3F91900B4F6008F62D0 /* XCTest.framework */; };
		1837B3FB1900B4F6008F62D0 /* Foundation.framework in Frameworks */ = {isa = PBXBuildFile; fileRef = 1837B3DA1900B4F6008F62D0 /* Foundation.framework */; };
		1837B3FC1900B4F6008F62D0 /* UIKit.framework in Frameworks */ = {isa = PBXBuildFile; fileRef = 1837B3DE1900B4F6008F62D0 /* UIKit.framework */; };
		1837B4041900B4F6008F62D0 /* InfoPlist.strings in Resources */ = {isa = PBXBuildFile; fileRef = 1837B4021900B4F6008F62D0 /* InfoPlist.strings */; };
		1837B4061900B4F6008F62D0 /* SBJson__Tests.m in Sources */ = {isa = PBXBuildFile; fileRef = 1837B4051900B4F6008F62D0 /* SBJson__Tests.m */; };
		1837B4771900B849008F62D0 /* NSObject+SBJson.m in Sources */ = {isa = PBXBuildFile; fileRef = 1837B45F1900B849008F62D0 /* NSObject+SBJson.m */; };
		1837B4781900B849008F62D0 /* SBJsonParser.m in Sources */ = {isa = PBXBuildFile; fileRef = 1837B4621900B849008F62D0 /* SBJsonParser.m */; };
		1837B4791900B849008F62D0 /* SBJsonStreamParser.m in Sources */ = {isa = PBXBuildFile; fileRef = 1837B4641900B849008F62D0 /* SBJsonStreamParser.m */; };
		1837B47A1900B849008F62D0 /* SBJsonStreamParserAccumulator.m in Sources */ = {isa = PBXBuildFile; fileRef = 1837B4661900B849008F62D0 /* SBJsonStreamParserAccumulator.m */; };
		1837B47B1900B849008F62D0 /* SBJsonStreamParserAdapter.m in Sources */ = {isa = PBXBuildFile; fileRef = 1837B4681900B849008F62D0 /* SBJsonStreamParserAdapter.m */; };
		1837B47C1900B849008F62D0 /* SBJsonStreamParserState.m in Sources */ = {isa = PBXBuildFile; fileRef = 1837B46A1900B849008F62D0 /* SBJsonStreamParserState.m */; };
		1837B47D1900B849008F62D0 /* SBJsonStreamWriter.m in Sources */ = {isa = PBXBuildFile; fileRef = 1837B46C1900B849008F62D0 /* SBJsonStreamWriter.m */; };
		1837B47E1900B849008F62D0 /* SBJsonStreamWriterAccumulator.m in Sources */ = {isa = PBXBuildFile; fileRef = 1837B46E1900B849008F62D0 /* SBJsonStreamWriterAccumulator.m */; };
		1837B47F1900B849008F62D0 /* SBJsonStreamWriterState.m in Sources */ = {isa = PBXBuildFile; fileRef = 1837B4701900B849008F62D0 /* SBJsonStreamWriterState.m */; };
		1837B4801900B849008F62D0 /* SBJsonTokeniser.m in Sources */ = {isa = PBXBuildFile; fileRef = 1837B4721900B849008F62D0 /* SBJsonTokeniser.m */; };
		1837B4811900B849008F62D0 /* SBJsonUTF8Stream.m in Sources */ = {isa = PBXBuildFile; fileRef = 1837B4741900B849008F62D0 /* SBJsonUTF8Stream.m */; };
		1837B4821900B849008F62D0 /* SBJsonWriter.m in Sources */ = {isa = PBXBuildFile; fileRef = 1837B4761900B849008F62D0 /* SBJsonWriter.m */; };
/* End PBXBuildFile section */

/* Begin PBXContainerItemProxy section */
		1837B3FD1900B4F6008F62D0 /* PBXContainerItemProxy */ = {
			isa = PBXContainerItemProxy;
			containerPortal = 1837B3CF1900B4F6008F62D0 /* Project object */;
			proxyType = 1;
			remoteGlobalIDString = 1837B3D61900B4F6008F62D0;
			remoteInfo = "SBJson使用";
		};
/* End PBXContainerItemProxy section */

/* Begin PBXFileReference section */
		1837B3D71900B4F6008F62D0 /* SBJson使用.app */ = {isa = PBXFileReference; explicitFileType = wrapper.application; includeInIndex = 0; path = "SBJson使用.app"; sourceTree = BUILT_PRODUCTS_DIR; };
		1837B3DA1900B4F6008F62D0 /* Foundation.framework */ = {isa = PBXFileReference; lastKnownFileType = wrapper.framework; name = Foundation.framework; path = System/Library/Frameworks/Foundation.framework; sourceTree = SDKROOT; };
		1837B3DC1900B4F6008F62D0 /* CoreGraphics.framework */ = {isa = PBXFileReference; lastKnownFileType = wrapper.framework; name = CoreGraphics.framework; path = System/Library/Frameworks/CoreGraphics.framework; sourceTree = SDKROOT; };
		1837B3DE1900B4F6008F62D0 /* UIKit.framework */ = {isa = PBXFileReference; lastKnownFileType = wrapper.framework; name = UIKit.framework; path = System/Library/Frameworks/UIKit.framework; sourceTree = SDKROOT; };
		1837B3E21900B4F6008F62D0 /* SBJson使用-Info.plist */ = {isa = PBXFileReference; lastKnownFileType = text.plist.xml; path = "SBJson使用-Info.plist"; sourceTree = "<group>"; };
		1837B3E41900B4F6008F62D0 /* en */ = {isa = PBXFileReference; lastKnownFileType = text.plist.strings; name = en; path = en.lproj/InfoPlist.strings; sourceTree = "<group>"; };
		1837B3E61900B4F6008F62D0 /* main.m */ = {isa = PBXFileReference; lastKnownFileType = sourcecode.c.objc; path = main.m; sourceTree = "<group>"; };
		1837B3E81900B4F6008F62D0 /* SBJson使用-Prefix.pch */ = {isa = PBXFileReference; lastKnownFileType = sourcecode.c.h; path = "SBJson使用-Prefix.pch"; sourceTree = "<group>"; };
		1837B3E91900B4F6008F62D0 /* mspAppDelegate.h */ = {isa = PBXFileReference; lastKnownFileType = sourcecode.c.h; path = mspAppDelegate.h; sourceTree = "<group>"; };
		1837B3EA1900B4F6008F62D0 /* mspAppDelegate.m */ = {isa = PBXFileReference; lastKnownFileType = sourcecode.c.objc; path = mspAppDelegate.m; sourceTree = "<group>"; };
		1837B3ED1900B4F6008F62D0 /* Base */ = {isa = PBXFileReference; lastKnownFileType = file.storyboard; name = Base; path = Base.lproj/Main.storyboard; sourceTree = "<group>"; };
		1837B3EF1900B4F6008F62D0 /* mspViewController.h */ = {isa = PBXFileReference; lastKnownFileType = sourcecode.c.h; path = mspViewController.h; sourceTree = "<group>"; };
		1837B3F01900B4F6008F62D0 /* mspViewController.m */ = {isa = PBXFileReference; lastKnownFileType = sourcecode.c.objc; path = mspViewController.m; sourceTree = "<group>"; };
		1837B3F21900B4F6008F62D0 /* Images.xcassets */ = {isa = PBXFileReference; lastKnownFileType = folder.assetcatalog; path = Images.xcassets; sourceTree = "<group>"; };
		1837B3F81900B4F6008F62D0 /* SBJson使用Tests.xctest */ = {isa = PBXFileReference; explicitFileType = wrapper.cfbundle; includeInIndex = 0; path = "SBJson使用Tests.xctest"; sourceTree = BUILT_PRODUCTS_DIR; };
		1837B3F91900B4F6008F62D0 /* XCTest.framework */ = {isa = PBXFileReference; lastKnownFileType = wrapper.framework; name = XCTest.framework; path = Library/Frameworks/XCTest.framework; sourceTree = DEVELOPER_DIR; };
		1837B4011900B4F6008F62D0 /* SBJson使用Tests-Info.plist */ = {isa = PBXFileReference; lastKnownFileType = text.plist.xml; path = "SBJson使用Tests-Info.plist"; sourceTree = "<group>"; };
		1837B4031900B4F6008F62D0 /* en */ = {isa = PBXFileReference; lastKnownFileType = text.plist.strings; name = en; path = en.lproj/InfoPlist.strings; sourceTree = "<group>"; };
		1837B4051900B4F6008F62D0 /* SBJson__Tests.m */ = {isa = PBXFileReference; lastKnownFileType = sourcecode.c.objc; path = SBJson__Tests.m; sourceTree = "<group>"; };
		1837B45E1900B849008F62D0 /* NSObject+SBJson.h */ = {isa = PBXFileReference; fileEncoding = 4; lastKnownFileType = sourcecode.c.h; path = "NSObject+SBJson.h"; sourceTree = "<group>"; };
		1837B45F1900B849008F62D0 /* NSObject+SBJson.m */ = {isa = PBXFileReference; fileEncoding = 4; lastKnownFileType = sourcecode.c.objc; path = "NSObject+SBJson.m"; sourceTree = "<group>"; };
		1837B4601900B849008F62D0 /* SBJson.h */ = {isa = PBXFileReference; fileEncoding = 4; lastKnownFileType = sourcecode.c.h; path = SBJson.h; sourceTree = "<group>"; };
		1837B4611900B849008F62D0 /* SBJsonParser.h */ = {isa = PBXFileReference; fileEncoding = 4; lastKnownFileType = sourcecode.c.h; path = SBJsonParser.h; sourceTree = "<group>"; };
		1837B4621900B849008F62D0 /* SBJsonParser.m */ = {isa = PBXFileReference; fileEncoding = 4; lastKnownFileType = sourcecode.c.objc; path = SBJsonParser.m; sourceTree = "<group>"; };
		1837B4631900B849008F62D0 /* SBJsonStreamParser.h */ = {isa = PBXFileReference; fileEncoding = 4; lastKnownFileType = sourcecode.c.h; path = SBJsonStreamParser.h; sourceTree = "<group>"; };
		1837B4641900B849008F62D0 /* SBJsonStreamParser.m */ = {isa = PBXFileReference; fileEncoding = 4; lastKnownFileType = sourcecode.c.objc; path = SBJsonStreamParser.m; sourceTree = "<group>"; };
		1837B4651900B849008F62D0 /* SBJsonStreamParserAccumulator.h */ = {isa = PBXFileReference; fileEncoding = 4; lastKnownFileType = sourcecode.c.h; path = SBJsonStreamParserAccumulator.h; sourceTree = "<group>"; };
		1837B4661900B849008F62D0 /* SBJsonStreamParserAccumulator.m */ = {isa = PBXFileReference; fileEncoding = 4; lastKnownFileType = sourcecode.c.objc; path = SBJsonStreamParserAccumulator.m; sourceTree = "<group>"; };
		1837B4671900B849008F62D0 /* SBJsonStreamParserAdapter.h */ = {isa = PBXFileReference; fileEncoding = 4; lastKnownFileType = sourcecode.c.h; path = SBJsonStreamParserAdapter.h; sourceTree = "<group>"; };
		1837B4681900B849008F62D0 /* SBJsonStreamParserAdapter.m */ = {isa = PBXFileReference; fileEncoding = 4; lastKnownFileType = sourcecode.c.objc; path = SBJsonStreamParserAdapter.m; sourceTree = "<group>"; };
		1837B4691900B849008F62D0 /* SBJsonStreamParserState.h */ = {isa = PBXFileReference; fileEncoding = 4; lastKnownFileType = sourcecode.c.h; path = SBJsonStreamParserState.h; sourceTree = "<group>"; };
		1837B46A1900B849008F62D0 /* SBJsonStreamParserState.m */ = {isa = PBXFileReference; fileEncoding = 4; lastKnownFileType = sourcecode.c.objc; path = SBJsonStreamParserState.m; sourceTree = "<group>"; };
		1837B46B1900B849008F62D0 /* SBJsonStreamWriter.h */ = {isa = PBXFileReference; fileEncoding = 4; lastKnownFileType = sourcecode.c.h; path = SBJsonStreamWriter.h; sourceTree = "<group>"; };
		1837B46C1900B849008F62D0 /* SBJsonStreamWriter.m */ = {isa = PBXFileReference; fileEncoding = 4; lastKnownFileType = sourcecode.c.objc; path = SBJsonStreamWriter.m; sourceTree = "<group>"; };
		1837B46D1900B849008F62D0 /* SBJsonStreamWriterAccumulator.h */ = {isa = PBXFileReference; fileEncoding = 4; lastKnownFileType = sourcecode.c.h; path = SBJsonStreamWriterAccumulator.h; sourceTree = "<group>"; };
		1837B46E1900B849008F62D0 /* SBJsonStreamWriterAccumulator.m */ = {isa = PBXFileReference; fileEncoding = 4; lastKnownFileType = sourcecode.c.objc; path = SBJsonStreamWriterAccumulator.m; sourceTree = "<group>"; };
		1837B46F1900B849008F62D0 /* SBJsonStreamWriterState.h */ = {isa = PBXFileReference; fileEncoding = 4; lastKnownFileType = sourcecode.c.h; path = SBJsonStreamWriterState.h; sourceTree = "<group>"; };
		1837B4701900B849008F62D0 /* SBJsonStreamWriterState.m */ = {isa = PBXFileReference; fileEncoding = 4; lastKnownFileType = sourcecode.c.objc; path = SBJsonStreamWriterState.m; sourceTree = "<group>"; };
		1837B4711900B849008F62D0 /* SBJsonTokeniser.h */ = {isa = PBXFileReference; fileEncoding = 4; lastKnownFileType = sourcecode.c.h; path = SBJsonTokeniser.h; sourceTree = "<group>"; };
		1837B4721900B849008F62D0 /* SBJsonTokeniser.m */ = {isa = PBXFileReference; fileEncoding = 4; lastKnownFileType = sourcecode.c.objc; path = SBJsonTokeniser.m; sourceTree = "<group>"; };
		1837B4731900B849008F62D0 /* SBJsonUTF8Stream.h */ = {isa = PBXFileReference; fileEncoding = 4; lastKnownFileType = sourcecode.c.h; path = SBJsonUTF8Stream.h; sourceTree = "<group>"; };
		1837B4741900B849008F62D0 /* SBJsonUTF8Stream.m */ = {isa = PBXFileReference; fileEncoding = 4; lastKnownFileType = sourcecode.c.objc; path = SBJsonUTF8Stream.m; sourceTree = "<group>"; };
		1837B4751900B849008F62D0 /* SBJsonWriter.h */ = {isa = PBXFileReference; fileEncoding = 4; lastKnownFileType = sourcecode.c.h; path = SBJsonWriter.h; sourceTree = "<group>"; };
		1837B4761900B849008F62D0 /* SBJsonWriter.m */ = {isa = PBXFileReference; fileEncoding = 4; lastKnownFileType = sourcecode.c.objc; path = SBJsonWriter.m; sourceTree = "<group>"; };
/* End PBXFileReference section */

/* Begin PBXFrameworksBuildPhase section */
		1837B3D41900B4F6008F62D0 /* Frameworks */ = {
			isa = PBXFrameworksBuildPhase;
			buildActionMask = 2147483647;
			files = (
				1837B3DD1900B4F6008F62D0 /* CoreGraphics.framework in Frameworks */,
				1837B3DF1900B4F6008F62D0 /* UIKit.framework in Frameworks */,
				1837B3DB1900B4F6008F62D0 /* Foundation.framework in Frameworks */,
			);
			runOnlyForDeploymentPostprocessing = 0;
		};
		1837B3F51900B4F6008F62D0 /* Frameworks */ = {
			isa = PBXFrameworksBuildPhase;
			buildActionMask = 2147483647;
			files = (
				1837B3FA1900B4F6008F62D0 /* XCTest.framework in Frameworks */,
				1837B3FC1900B4F6008F62D0 /* UIKit.framework in Frameworks */,
				1837B3FB1900B4F6008F62D0 /* Foundation.framework in Frameworks */,
			);
			runOnlyForDeploymentPostprocessing = 0;
		};
/* End PBXFrameworksBuildPhase section */

/* Begin PBXGroup section */
		1837B3CE1900B4F6008F62D0 = {
			isa = PBXGroup;
			children = (
				1837B45D1900B849008F62D0 /* SBJson */,
				1837B3E01900B4F6008F62D0 /* SBJson使用 */,
				1837B3FF1900B4F6008F62D0 /* SBJson使用Tests */,
				1837B3D91900B4F6008F62D0 /* Frameworks */,
				1837B3D81900B4F6008F62D0 /* Products */,
			);
			sourceTree = "<group>";
		};
		1837B3D81900B4F6008F62D0 /* Products */ = {
			isa = PBXGroup;
			children = (
				1837B3D71900B4F6008F62D0 /* SBJson使用.app */,
				1837B3F81900B4F6008F62D0 /* SBJson使用Tests.xctest */,
			);
			name = Products;
			sourceTree = "<group>";
		};
		1837B3D91900B4F6008F62D0 /* Frameworks */ = {
			isa = PBXGroup;
			children = (
				1837B3DA1900B4F6008F62D0 /* Foundation.framework */,
				1837B3DC1900B4F6008F62D0 /* CoreGraphics.framework */,
				1837B3DE1900B4F6008F62D0 /* UIKit.framework */,
				1837B3F91900B4F6008F62D0 /* XCTest.framework */,
			);
			name = Frameworks;
			sourceTree = "<group>";
		};
		1837B3E01900B4F6008F62D0 /* SBJson使用 */ = {
			isa = PBXGroup;
			children = (
				1837B3E91900B4F6008F62D0 /* mspAppDelegate.h */,
				1837B3EA1900B4F6008F62D0 /* mspAppDelegate.m */,
				1837B3EC1900B4F6008F62D0 /* Main.storyboard */,
				1837B3EF1900B4F6008F62D0 /* mspViewController.h */,
				1837B3F01900B4F6008F62D0 /* mspViewController.m */,
				1837B3F21900B4F6008F62D0 /* Images.xcassets */,
				1837B3E11900B4F6008F62D0 /* Supporting Files */,
			);
			path = "SBJson使用";
			sourceTree = "<group>";
		};
		1837B3E11900B4F6008F62D0 /* Supporting Files */ = {
			isa = PBXGroup;
			children = (
				1837B3E21900B4F6008F62D0 /* SBJson使用-Info.plist */,
				1837B3E31900B4F6008F62D0 /* InfoPlist.strings */,
				1837B3E61900B4F6008F62D0 /* main.m */,
				1837B3E81900B4F6008F62D0 /* SBJson使用-Prefix.pch */,
			);
			name = "Supporting Files";
			sourceTree = "<group>";
		};
		1837B3FF1900B4F6008F62D0 /* SBJson使用Tests */ = {
			isa = PBXGroup;
			children = (
				1837B4051900B4F6008F62D0 /* SBJson__Tests.m */,
				1837B4001900B4F6008F62D0 /* Supporting Files */,
			);
			path = "SBJson使用Tests";
			sourceTree = "<group>";
		};
		1837B4001900B4F6008F62D0 /* Supporting Files */ = {
			isa = PBXGroup;
			children = (
				1837B4011900B4F6008F62D0 /* SBJson使用Tests-Info.plist */,
				1837B4021900B4F6008F62D0 /* InfoPlist.strings */,
			);
			name = "Supporting Files";
			sourceTree = "<group>";
		};
		1837B45D1900B849008F62D0 /* SBJson */ = {
			isa = PBXGroup;
			children = (
				1837B45E1900B849008F62D0 /* NSObject+SBJson.h */,
				1837B45F1900B849008F62D0 /* NSObject+SBJson.m */,
				1837B4601900B849008F62D0 /* SBJson.h */,
				1837B4611900B849008F62D0 /* SBJsonParser.h */,
				1837B4621900B849008F62D0 /* SBJsonParser.m */,
				1837B4631900B849008F62D0 /* SBJsonStreamParser.h */,
				1837B4641900B849008F62D0 /* SBJsonStreamParser.m */,
				1837B4651900B849008F62D0 /* SBJsonStreamParserAccumulator.h */,
				1837B4661900B849008F62D0 /* SBJsonStreamParserAccumulator.m */,
				1837B4671900B849008F62D0 /* SBJsonStreamParserAdapter.h */,
				1837B4681900B849008F62D0 /* SBJsonStreamParserAdapter.m */,
				1837B4691900B849008F62D0 /* SBJsonStreamParserState.h */,
				1837B46A1900B849008F62D0 /* SBJsonStreamParserState.m */,
				1837B46B1900B849008F62D0 /* SBJsonStreamWriter.h */,
				1837B46C1900B849008F62D0 /* SBJsonStreamWriter.m */,
				1837B46D1900B849008F62D0 /* SBJsonStreamWriterAccumulator.h */,
				1837B46E1900B849008F62D0 /* SBJsonStreamWriterAccumulator.m */,
				1837B46F1900B849008F62D0 /* SBJsonStreamWriterState.h */,
				1837B4701900B849008F62D0 /* SBJsonStreamWriterState.m */,
				1837B4711900B849008F62D0 /* SBJsonTokeniser.h */,
				1837B4721900B849008F62D0 /* SBJsonTokeniser.m */,
				1837B4731900B849008F62D0 /* SBJsonUTF8Stream.h */,
				1837B4741900B849008F62D0 /* SBJsonUTF8Stream.m */,
				1837B4751900B849008F62D0 /* SBJsonWriter.h */,
				1837B4761900B849008F62D0 /* SBJsonWriter.m */,
			);
			path = SBJson;
			sourceTree = "<group>";
		};
/* End PBXGroup section */

/* Begin PBXNativeTarget section */
		1837B3D61900B4F6008F62D0 /* SBJson使用 */ = {
			isa = PBXNativeTarget;
			buildConfigurationList = 1837B4091900B4F6008F62D0 /* Build configuration list for PBXNativeTarget "SBJson使用" */;
			buildPhases = (
				1837B3D31900B4F6008F62D0 /* Sources */,
				1837B3D41900B4F6008F62D0 /* Frameworks */,
				1837B3D51900B4F6008F62D0 /* Resources */,
			);
			buildRules = (
			);
			dependencies = (
			);
			name = "SBJson使用";
			productName = "SBJson使用";
			productReference = 1837B3D71900B4F6008F62D0 /* SBJson使用.app */;
			productType = "com.apple.product-type.application";
		};
		1837B3F71900B4F6008F62D0 /* SBJson使用Tests */ = {
			isa = PBXNativeTarget;
			buildConfigurationList = 1837B40C1900B4F6008F62D0 /* Build configuration list for PBXNativeTarget "SBJson使用Tests" */;
			buildPhases = (
				1837B3F41900B4F6008F62D0 /* Sources */,
				1837B3F51900B4F6008F62D0 /* Frameworks */,
				1837B3F61900B4F6008F62D0 /* Resources */,
			);
			buildRules = (
			);
			dependencies = (
				1837B3FE1900B4F6008F62D0 /* PBXTargetDependency */,
			);
			name = "SBJson使用Tests";
			productName = "SBJson使用Tests";
			productReference = 1837B3F81900B4F6008F62D0 /* SBJson使用Tests.xctest */;
			productType = "com.apple.product-type.bundle.unit-test";
		};
/* End PBXNativeTarget section */

/* Begin PBXProject section */
		1837B3CF1900B4F6008F62D0 /* Project object */ = {
			isa = PBXProject;
			attributes = {
				CLASSPREFIX = msp;
				LastUpgradeCheck = 0510;
				ORGANIZATIONNAME = msp;
				TargetAttributes = {
					1837B3F71900B4F6008F62D0 = {
						TestTargetID = 1837B3D61900B4F6008F62D0;
					};
				};
			};
			buildConfigurationList = 1837B3D21900B4F6008F62D0 /* Build configuration list for PBXProject "SBJson使用" */;
			compatibilityVersion = "Xcode 3.2";
			developmentRegion = English;
			hasScannedForEncodings = 0;
			knownRegions = (
				en,
				Base,
			);
			mainGroup = 1837B3CE1900B4F6008F62D0;
			productRefGroup = 1837B3D81900B4F6008F62D0 /* Products */;
			projectDirPath = "";
			projectRoot = "";
			targets = (
				1837B3D61900B4F6008F62D0 /* SBJson使用 */,
				1837B3F71900B4F6008F62D0 /* SBJson使用Tests */,
			);
		};
/* End PBXProject section */

/* Begin PBXResourcesBuildPhase section */
		1837B3D51900B4F6008F62D0 /* Resources */ = {
			isa = PBXResourcesBuildPhase;
			buildActionMask = 2147483647;
			files = (
				1837B3F31900B4F6008F62D0 /* Images.xcassets in Resources */,
				1837B3E51900B4F6008F62D0 /* InfoPlist.strings in Resources */,
				1837B3EE1900B4F6008F62D0 /* Main.storyboard in Resources */,
			);
			runOnlyForDeploymentPostprocessing = 0;
		};
		1837B3F61900B4F6008F62D0 /* Resources */ = {
			isa = PBXResourcesBuildPhase;
			buildActionMask = 2147483647;
			files = (
				1837B4041900B4F6008F62D0 /* InfoPlist.strings in Resources */,
			);
			runOnlyForDeploymentPostprocessing = 0;
		};
/* End PBXResourcesBuildPhase section */

/* Begin PBXSourcesBuildPhase section */
		1837B3D31900B4F6008F62D0 /* Sources */ = {
			isa = PBXSourcesBuildPhase;
			buildActionMask = 2147483647;
			files = (
				1837B3F11900B4F6008F62D0 /* mspViewController.m in Sources */,
				1837B4821900B849008F62D0 /* SBJsonWriter.m in Sources */,
				1837B3E71900B4F6008F62D0 /* main.m in Sources */,
				1837B4801900B849008F62D0 /* SBJsonTokeniser.m in Sources */,
				1837B4771900B849008F62D0 /* NSObject+SBJson.m in Sources */,
				1837B47D1900B849008F62D0 /* SBJsonStreamWriter.m in Sources */,
				1837B4791900B849008F62D0 /* SBJsonStreamParser.m in Sources */,
				1837B4781900B849008F62D0 /* SBJsonParser.m in Sources */,
				1837B47A1900B849008F62D0 /* SBJsonStreamParserAccumulator.m in Sources */,
				1837B47C1900B849008F62D0 /* SBJsonStreamParserState.m in Sources */,
				1837B47E1900B849008F62D0 /* SBJsonStreamWriterAccumulator.m in Sources */,
				1837B47F1900B849008F62D0 /* SBJsonStreamWriterState.m in Sources */,
				1837B4811900B849008F62D0 /* SBJsonUTF8Stream.m in Sources */,
				1837B3EB1900B4F6008F62D0 /* mspAppDelegate.m in Sources */,
				1837B47B1900B849008F62D0 /* SBJsonStreamParserAdapter.m in Sources */,
			);
			runOnlyForDeploymentPostprocessing = 0;
		};
		1837B3F41900B4F6008F62D0 /* Sources */ = {
			isa = PBXSourcesBuildPhase;
			buildActionMask = 2147483647;
			files = (
				1837B4061900B4F6008F62D0 /* SBJson__Tests.m in Sources */,
			);
			runOnlyForDeploymentPostprocessing = 0;
		};
/* End PBXSourcesBuildPhase section */

/* Begin PBXTargetDependency section */
		1837B3FE1900B4F6008F62D0 /* PBXTargetDependency */ = {
			isa = PBXTargetDependency;
			target = 1837B3D61900B4F6008F62D0 /* SBJson使用 */;
			targetProxy = 1837B3FD1900B4F6008F62D0 /* PBXContainerItemProxy */;
		};
/* End PBXTargetDependency section */

/* Begin PBXVariantGroup section */
		1837B3E31900B4F6008F62D0 /* InfoPlist.strings */ = {
			isa = PBXVariantGroup;
			children = (
				1837B3E41900B4F6008F62D0 /* en */,
			);
			name = InfoPlist.strings;
			sourceTree = "<group>";
		};
		1837B3EC1900B4F6008F62D0 /* Main.storyboard */ = {
			isa = PBXVariantGroup;
			children = (
				1837B3ED1900B4F6008F62D0 /* Base */,
			);
			name = Main.storyboard;
			sourceTree = "<group>";
		};
		1837B4021900B4F6008F62D0 /* InfoPlist.strings */ = {
			isa = PBXVariantGroup;
			children = (
				1837B4031900B4F6008F62D0 /* en */,
			);
			name = InfoPlist.strings;
			sourceTree = "<group>";
		};
/* End PBXVariantGroup section */

/* Begin XCBuildConfiguration section */
		1837B4071900B4F6008F62D0 /* Debug */ = {
			isa = XCBuildConfiguration;
			buildSettings = {
				ALWAYS_SEARCH_USER_PATHS = NO;
				CLANG_CXX_LANGUAGE_STANDARD = "gnu++0x";
				CLANG_CXX_LIBRARY = "libc++";
				CLANG_ENABLE_MODULES = YES;
				CLANG_ENABLE_OBJC_ARC = YES;
				CLANG_WARN_BOOL_CONVERSION = YES;
				CLANG_WARN_CONSTANT_CONVERSION = YES;
				CLANG_WARN_DIRECT_OBJC_ISA_USAGE = YES_ERROR;
				CLANG_WARN_EMPTY_BODY = YES;
				CLANG_WARN_ENUM_CONVERSION = YES;
				CLANG_WARN_INT_CONVERSION = YES;
				CLANG_WARN_OBJC_ROOT_CLASS = YES_ERROR;
				CLANG_WARN__DUPLICATE_METHOD_MATCH = YES;
				"CODE_SIGN_IDENTITY[sdk=iphoneos*]" = "iPhone Developer";
				COPY_PHASE_STRIP = NO;
				GCC_C_LANGUAGE_STANDARD = gnu99;
				GCC_DYNAMIC_NO_PIC = NO;
				GCC_OPTIMIZATION_LEVEL = 0;
				GCC_PREPROCESSOR_DEFINITIONS = (
					"DEBUG=1",
					"$(inherited)",
				);
				GCC_SYMBOLS_PRIVATE_EXTERN = NO;
				GCC_WARN_64_TO_32_BIT_CONVERSION = YES;
				GCC_WARN_ABOUT_RETURN_TYPE = YES_ERROR;
				GCC_WARN_UNDECLARED_SELECTOR = YES;
				GCC_WARN_UNINITIALIZED_AUTOS = YES_AGGRESSIVE;
				GCC_WARN_UNUSED_FUNCTION = YES;
				GCC_WARN_UNUSED_VARIABLE = YES;
				IPHONEOS_DEPLOYMENT_TARGET = 7.1;
				ONLY_ACTIVE_ARCH = YES;
				SDKROOT = iphoneos;
				TARGETED_DEVICE_FAMILY = 2;
			};
			name = Debug;
		};
		1837B4081900B4F6008F62D0 /* Release */ = {
			isa = XCBuildConfiguration;
			buildSettings = {
				ALWAYS_SEARCH_USER_PATHS = NO;
				CLANG_CXX_LANGUAGE_STANDARD = "gnu++0x";
				CLANG_CXX_LIBRARY = "libc++";
				CLANG_ENABLE_MODULES = YES;
				CLANG_ENABLE_OBJC_ARC = YES;
				CLANG_WARN_BOOL_CONVERSION = YES;
				CLANG_WARN_CONSTANT_CONVERSION = YES;
				CLANG_WARN_DIRECT_OBJC_ISA_USAGE = YES_ERROR;
				CLANG_WARN_EMPTY_BODY = YES;
				CLANG_WARN_ENUM_CONVERSION = YES;
				CLANG_WARN_INT_CONVERSION = YES;
				CLANG_WARN_OBJC_ROOT_CLASS = YES_ERROR;
				CLANG_WARN__DUPLICATE_METHOD_MATCH = YES;
				"CODE_SIGN_IDENTITY[sdk=iphoneos*]" = "iPhone Developer";
				COPY_PHASE_STRIP = YES;
				ENABLE_NS_ASSERTIONS = NO;
				GCC_C_LANGUAGE_STANDARD = gnu99;
				GCC_WARN_64_TO_32_BIT_CONVERSION = YES;
				GCC_WARN_ABOUT_RETURN_TYPE = YES_ERROR;
				GCC_WARN_UNDECLARED_SELECTOR = YES;
				GCC_WARN_UNINITIALIZED_AUTOS = YES_AGGRESSIVE;
				GCC_WARN_UNUSED_FUNCTION = YES;
				GCC_WARN_UNUSED_VARIABLE = YES;
				IPHONEOS_DEPLOYMENT_TARGET = 7.1;
				SDKROOT = iphoneos;
				TARGETED_DEVICE_FAMILY = 2;
				VALIDATE_PRODUCT = YES;
			};
			name = Release;
		};
		1837B40A1900B4F6008F62D0 /* Debug */ = {
			isa = XCBuildConfiguration;
			buildSettings = {
				ASSETCATALOG_COMPILER_APPICON_NAME = AppIcon;
				ASSETCATALOG_COMPILER_LAUNCHIMAGE_NAME = LaunchImage;
				GCC_PRECOMPILE_PREFIX_HEADER = YES;
				GCC_PREFIX_HEADER = "SBJson使用/SBJson使用-Prefix.pch";
				INFOPLIST_FILE = "SBJson使用/SBJson使用-Info.plist";
				PRODUCT_NAME = "$(TARGET_NAME)";
				WRAPPER_EXTENSION = app;
			};
			name = Debug;
		};
		1837B40B1900B4F6008F62D0 /* Release */ = {
			isa = XCBuildConfiguration;
			buildSettings = {
				ASSETCATALOG_COMPILER_APPICON_NAME = AppIcon;
				ASSETCATALOG_COMPILER_LAUNCHIMAGE_NAME = LaunchImage;
				GCC_PRECOMPILE_PREFIX_HEADER = YES;
				GCC_PREFIX_HEADER = "SBJson使用/SBJson使用-Prefix.pch";
				INFOPLIST_FILE = "SBJson使用/SBJson使用-Info.plist";
				PRODUCT_NAME = "$(TARGET_NAME)";
				WRAPPER_EXTENSION = app;
			};
			name = Release;
		};
		1837B40D1900B4F6008F62D0 /* Debug */ = {
			isa = XCBuildConfiguration;
			buildSettings = {
				BUNDLE_LOADER = "$(BUILT_PRODUCTS_DIR)/SBJson使用.app/SBJson使用";
				FRAMEWORK_SEARCH_PATHS = (
					"$(SDKROOT)/Developer/Library/Frameworks",
					"$(inherited)",
					"$(DEVELOPER_FRAMEWORKS_DIR)",
				);
				GCC_PRECOMPILE_PREFIX_HEADER = YES;
				GCC_PREFIX_HEADER = "SBJson使用/SBJson使用-Prefix.pch";
				GCC_PREPROCESSOR_DEFINITIONS = (
					"DEBUG=1",
					"$(inherited)",
				);
				INFOPLIST_FILE = "SBJson使用Tests/SBJson使用Tests-Info.plist";
				PRODUCT_NAME = "$(TARGET_NAME)";
				TEST_HOST = "$(BUNDLE_LOADER)";
				WRAPPER_EXTENSION = xctest;
			};
			name = Debug;
		};
		1837B40E1900B4F6008F62D0 /* Release */ = {
			isa = XCBuildConfiguration;
			buildSettings = {
				BUNDLE_LOADER = "$(BUILT_PRODUCTS_DIR)/SBJson使用.app/SBJson使用";
				FRAMEWORK_SEARCH_PATHS = (
					"$(SDKROOT)/Developer/Library/Frameworks",
					"$(inherited)",
					"$(DEVELOPER_FRAMEWORKS_DIR)",
				);
				GCC_PRECOMPILE_PREFIX_HEADER = YES;
				GCC_PREFIX_HEADER = "SBJson使用/SBJson使用-Prefix.pch";
				INFOPLIST_FILE = "SBJson使用Tests/SBJson使用Tests-Info.plist";
				PRODUCT_NAME = "$(TARGET_NAME)";
				TEST_HOST = "$(BUNDLE_LOADER)";
				WRAPPER_EXTENSION = xctest;
			};
			name = Release;
		};
/* End XCBuildConfiguration section */

/* Begin XCConfigurationList section */
		1837B3D21900B4F6008F62D0 /* Build configuration list for PBXProject "SBJson使用" */ = {
			isa = XCConfigurationList;
			buildConfigurations = (
				1837B4071900B4F6008F62D0 /* Debug */,
				1837B4081900B4F6008F62D0 /* Release */,
			);
			defaultConfigurationIsVisible = 0;
			defaultConfigurationName = Release;
		};
		1837B4091900B4F6008F62D0 /* Build configuration list for PBXNativeTarget "SBJson使用" */ = {
			isa = XCConfigurationList;
			buildConfigurations = (
				1837B40A1900B4F6008F62D0 /* Debug */,
				1837B40B1900B4F6008F62D0 /* Release */,
			);
			defaultConfigurationIsVisible = 0;
			defaultConfigurationName = Release;
		};
		1837B40C1900B4F6008F62D0 /* Build configuration list for PBXNativeTarget "SBJson使用Tests" */ = {
			isa = XCConfigurationList;
			buildConfigurations = (
				1837B40D1900B4F6008F62D0 /* Debug */,
				1837B40E1900B4F6008F62D0 /* Release */,
			);
			defaultConfigurationIsVisible = 0;
			defaultConfigurationName = Release;
		};
/* End XCConfigurationList section */
	};
	rootObject = 1837B3CF1900B4F6008F62D0 /* Project object */;
}
